{
  "projects": [
    {
      "projectId": "24qDGfvb2rMn6oy8PVF95d",
      "version": "latest",
      "dependencies": {},
      "lang": "ts",
      "fileLocks": [
        {
          "type": "globalVariant",
          "assetId": "X6JbprEhruOi",
          "checksum": "8fe671ba6434eb99f92032b76d0e17e8"
        },
        {
          "type": "globalVariant",
          "assetId": "40N_XXvhaC",
          "checksum": "699fb3f3b385e7a77d92d3dd728c8844"
        },
        {
          "type": "renderModule",
          "assetId": "cYlS9AZba0",
          "checksum": "c5934dc4d6c5c1c04e955c5f6f3a7d7c"
        },
        {
          "type": "cssRules",
          "assetId": "cYlS9AZba0",
          "checksum": "c5934dc4d6c5c1c04e955c5f6f3a7d7c"
        },
        {
          "type": "renderModule",
          "assetId": "Rc9JumW9YT",
          "checksum": "950a6d94149c59282508de85408f1998"
        },
        {
          "type": "cssRules",
          "assetId": "Rc9JumW9YT",
          "checksum": "950a6d94149c59282508de85408f1998"
        },
        {
          "type": "renderModule",
          "assetId": "1VDsOAINg5",
          "checksum": "ebe6e205ec3117911141d2b01f2906bc"
        },
        {
          "type": "cssRules",
          "assetId": "1VDsOAINg5",
          "checksum": "ebe6e205ec3117911141d2b01f2906bc"
        },
        {
          "type": "renderModule",
          "assetId": "CNzQuEQXTY",
          "checksum": "d9525d3e2893d9db4522c44731044349"
        },
        {
          "type": "cssRules",
          "assetId": "CNzQuEQXTY",
          "checksum": "d9525d3e2893d9db4522c44731044349"
        },
        {
          "type": "renderModule",
          "assetId": "CMg-M2mVji",
          "checksum": "270585967f0782aea423eac1504def74"
        },
        {
          "type": "cssRules",
          "assetId": "CMg-M2mVji",
          "checksum": "270585967f0782aea423eac1504def74"
        },
        {
          "type": "renderModule",
          "assetId": "ZfrYJ616sV",
          "checksum": "85e64d2b38a808e8cbd736b80a5ef669"
        },
        {
          "type": "cssRules",
          "assetId": "ZfrYJ616sV",
          "checksum": "85e64d2b38a808e8cbd736b80a5ef669"
        },
        {
          "type": "renderModule",
          "assetId": "xJkqcycNmP",
          "checksum": "bc13fdab9fdc50d8b1410df2f8ae6125"
        },
        {
          "type": "cssRules",
          "assetId": "xJkqcycNmP",
          "checksum": "bc13fdab9fdc50d8b1410df2f8ae6125"
        },
        {
          "type": "renderModule",
          "assetId": "Isc1ACYDLI",
          "checksum": "1f31fb907862a0a6443608630a625364"
        },
        {
          "type": "cssRules",
          "assetId": "Isc1ACYDLI",
          "checksum": "1f31fb907862a0a6443608630a625364"
        },
        {
          "type": "renderModule",
          "assetId": "Cf5D4b0Drp",
          "checksum": "f20f7450824ed17f46ee2bf285cef769"
        },
        {
          "type": "cssRules",
          "assetId": "Cf5D4b0Drp",
          "checksum": "f20f7450824ed17f46ee2bf285cef769"
        },
        {
          "type": "renderModule",
          "assetId": "wOaOuD1bPJ",
          "checksum": "95121f9aadd6308fa653caf4cc0574d0"
        },
        {
          "type": "cssRules",
          "assetId": "wOaOuD1bPJ",
          "checksum": "95121f9aadd6308fa653caf4cc0574d0"
        },
        {
          "type": "renderModule",
          "assetId": "n9Vx5RIblr",
          "checksum": "cfba37584b71ad5df9fae7fded757963"
        },
        {
          "type": "cssRules",
          "assetId": "n9Vx5RIblr",
          "checksum": "cfba37584b71ad5df9fae7fded757963"
        },
        {
          "type": "renderModule",
          "assetId": "JEN29JpsqO",
          "checksum": "06bb36e17d92d1eecc93c3ace0b6d2df"
        },
        {
          "type": "cssRules",
          "assetId": "JEN29JpsqO",
          "checksum": "06bb36e17d92d1eecc93c3ace0b6d2df"
        },
        {
          "type": "renderModule",
          "assetId": "1-oouZ2-GW",
          "checksum": "b7153e2bbfb362e879238bdd0f648228"
        },
        {
          "type": "cssRules",
          "assetId": "1-oouZ2-GW",
          "checksum": "b7153e2bbfb362e879238bdd0f648228"
        },
        {
          "type": "renderModule",
          "assetId": "zKuwhXTqKd",
          "checksum": "589f95b55f7f35767d61ed73db4d205e"
        },
        {
          "type": "cssRules",
          "assetId": "zKuwhXTqKd",
          "checksum": "589f95b55f7f35767d61ed73db4d205e"
        },
        {
          "type": "renderModule",
          "assetId": "iAskgVxM_7",
          "checksum": "810e5c3be0ec6de9d310196e2539999b"
        },
        {
          "type": "cssRules",
          "assetId": "iAskgVxM_7",
          "checksum": "810e5c3be0ec6de9d310196e2539999b"
        },
        {
          "type": "renderModule",
          "assetId": "CnJaIprrDx",
          "checksum": "88e8eea785e8e9116c5fe68c092bd42e"
        },
        {
          "type": "cssRules",
          "assetId": "CnJaIprrDx",
          "checksum": "88e8eea785e8e9116c5fe68c092bd42e"
        },
        {
          "type": "renderModule",
          "assetId": "ZGG_R4GfwA",
          "checksum": "386a1948fdf751c52e5394b4d6a1ce52"
        },
        {
          "type": "cssRules",
          "assetId": "ZGG_R4GfwA",
          "checksum": "386a1948fdf751c52e5394b4d6a1ce52"
        },
        {
          "type": "renderModule",
          "assetId": "fZOEbMmQUL",
          "checksum": "23e904aa9e5733b315e9d8ec36561d51"
        },
        {
          "type": "cssRules",
          "assetId": "fZOEbMmQUL",
          "checksum": "23e904aa9e5733b315e9d8ec36561d51"
        },
        {
          "type": "renderModule",
          "assetId": "ekCI6uEpVU",
          "checksum": "bf667531d127cfd4cc781edda470b6fc"
        },
        {
          "type": "cssRules",
          "assetId": "ekCI6uEpVU",
          "checksum": "bf667531d127cfd4cc781edda470b6fc"
        },
        {
          "type": "renderModule",
          "assetId": "gxplQWBh0N",
          "checksum": "b88a51b913a4d23cec53e39fe1248c03"
        },
        {
          "type": "cssRules",
          "assetId": "gxplQWBh0N",
          "checksum": "b88a51b913a4d23cec53e39fe1248c03"
        },
        {
          "type": "renderModule",
          "assetId": "U1WSll_dgG",
          "checksum": "087cd15bd897a170d77edbf8af380487"
        },
        {
          "type": "cssRules",
          "assetId": "U1WSll_dgG",
          "checksum": "087cd15bd897a170d77edbf8af380487"
        },
        {
          "type": "renderModule",
          "assetId": "AN4lA4Fd1A",
          "checksum": "d900721d1e54faaa6849b7c6bb266a4d"
        },
        {
          "type": "cssRules",
          "assetId": "AN4lA4Fd1A",
          "checksum": "d900721d1e54faaa6849b7c6bb266a4d"
        },
        {
          "type": "renderModule",
          "assetId": "12VCshRIS_",
          "checksum": "e8380df7225abe64615fa12bcc1b5022"
        },
        {
          "type": "cssRules",
          "assetId": "12VCshRIS_",
          "checksum": "e8380df7225abe64615fa12bcc1b5022"
        },
        {
          "type": "renderModule",
          "assetId": "6rK5Xe1UAz",
          "checksum": "b625a5915d62a992015879895a22d848"
        },
        {
          "type": "cssRules",
          "assetId": "6rK5Xe1UAz",
          "checksum": "b625a5915d62a992015879895a22d848"
        },
        {
          "type": "renderModule",
          "assetId": "kex8b4ayIq",
          "checksum": "fddfe2becfd10e13917900943becbb5b"
        },
        {
          "type": "cssRules",
          "assetId": "kex8b4ayIq",
          "checksum": "fddfe2becfd10e13917900943becbb5b"
        },
        {
          "type": "renderModule",
          "assetId": "NUbXF8Tt50",
          "checksum": "835498b3e2ec11bba73726b19f9fa80a"
        },
        {
          "type": "cssRules",
          "assetId": "NUbXF8Tt50",
          "checksum": "835498b3e2ec11bba73726b19f9fa80a"
        },
        {
          "type": "renderModule",
          "assetId": "NxONW6u8Sd",
          "checksum": "7e9c8086a640519c3c150d50c44f4c93"
        },
        {
          "type": "cssRules",
          "assetId": "NxONW6u8Sd",
          "checksum": "7e9c8086a640519c3c150d50c44f4c93"
        },
        {
          "type": "renderModule",
          "assetId": "NsqqImYviY",
          "checksum": "86e0de872a26d39aa6b25fda7cbfddb7"
        },
        {
          "type": "cssRules",
          "assetId": "NsqqImYviY",
          "checksum": "86e0de872a26d39aa6b25fda7cbfddb7"
        },
        {
          "type": "renderModule",
          "assetId": "5JnDz-tqZ8",
          "checksum": "cf8c8027c880eccd9b1ae7d24475dc84"
        },
        {
          "type": "cssRules",
          "assetId": "5JnDz-tqZ8",
          "checksum": "cf8c8027c880eccd9b1ae7d24475dc84"
        },
        {
          "type": "renderModule",
          "assetId": "M94oJWBrxO",
          "checksum": "e3fa197c68965b97c5040eb1793532f6"
        },
        {
          "type": "cssRules",
          "assetId": "M94oJWBrxO",
          "checksum": "e3fa197c68965b97c5040eb1793532f6"
        },
        {
          "type": "renderModule",
          "assetId": "_5AOERmbtp",
          "checksum": "c25d18f2e9f97e2f709c008734deb190"
        },
        {
          "type": "cssRules",
          "assetId": "_5AOERmbtp",
          "checksum": "c25d18f2e9f97e2f709c008734deb190"
        },
        {
          "type": "renderModule",
          "assetId": "Xb5xo2JxQe",
          "checksum": "3082d67c33d34de26df88939e1d03bfa"
        },
        {
          "type": "cssRules",
          "assetId": "Xb5xo2JxQe",
          "checksum": "3082d67c33d34de26df88939e1d03bfa"
        },
        {
          "type": "renderModule",
          "assetId": "4vRjyz8vv6",
          "checksum": "0a6978ed4214f0c59a455945aa8b1c81"
        },
        {
          "type": "cssRules",
          "assetId": "4vRjyz8vv6",
          "checksum": "0a6978ed4214f0c59a455945aa8b1c81"
        },
        {
          "type": "renderModule",
          "assetId": "xmtlGTX1K1",
          "checksum": "92bdba8e3c4075fc94adc57622191df1"
        },
        {
          "type": "cssRules",
          "assetId": "xmtlGTX1K1",
          "checksum": "92bdba8e3c4075fc94adc57622191df1"
        },
        {
          "type": "renderModule",
          "assetId": "wWoXZuP3yV",
          "checksum": "213b857fe9f5c03c62a1fab13ff61eee"
        },
        {
          "type": "cssRules",
          "assetId": "wWoXZuP3yV",
          "checksum": "213b857fe9f5c03c62a1fab13ff61eee"
        },
        {
          "type": "renderModule",
          "assetId": "zkLzVUIAoj",
          "checksum": "2188d529ed6dd1e82a8bab908e302a07"
        },
        {
          "type": "cssRules",
          "assetId": "zkLzVUIAoj",
          "checksum": "2188d529ed6dd1e82a8bab908e302a07"
        },
        {
          "type": "renderModule",
          "assetId": "Y6RToVMa05",
          "checksum": "da644ebeb1429a4d810ae940e309fb71"
        },
        {
          "type": "cssRules",
          "assetId": "Y6RToVMa05",
          "checksum": "da644ebeb1429a4d810ae940e309fb71"
        },
        {
          "type": "renderModule",
          "assetId": "GsDjn3KkQv",
          "checksum": "c4f220b8663bad1b256343d731a47b3e"
        },
        {
          "type": "cssRules",
          "assetId": "GsDjn3KkQv",
          "checksum": "c4f220b8663bad1b256343d731a47b3e"
        },
        {
          "type": "renderModule",
          "assetId": "1rbBxAIqUr",
          "checksum": "c6477b9a056bfbd2c9a21b207f1f8bd8"
        },
        {
          "type": "cssRules",
          "assetId": "1rbBxAIqUr",
          "checksum": "c6477b9a056bfbd2c9a21b207f1f8bd8"
        },
        {
          "type": "renderModule",
          "assetId": "4A5oYo7O0V",
          "checksum": "35c4038f2c65971de6d9629038e50a44"
        },
        {
          "type": "cssRules",
          "assetId": "4A5oYo7O0V",
          "checksum": "35c4038f2c65971de6d9629038e50a44"
        },
        {
          "type": "renderModule",
          "assetId": "mkq6PHJJELM",
          "checksum": "a144bef04999396e3d992d68a3ee3616"
        },
        {
          "type": "cssRules",
          "assetId": "mkq6PHJJELM",
          "checksum": "a144bef04999396e3d992d68a3ee3616"
        },
        {
          "type": "renderModule",
          "assetId": "W9XdlIeiuX",
          "checksum": "a73d6fd465735610cc44f013db794a81"
        },
        {
          "type": "cssRules",
          "assetId": "W9XdlIeiuX",
          "checksum": "a73d6fd465735610cc44f013db794a81"
        },
        {
          "type": "renderModule",
          "assetId": "zub8z7iFg-",
          "checksum": "4b7a5676aafaa6c0f329d315851b8bb6"
        },
        {
          "type": "cssRules",
          "assetId": "zub8z7iFg-",
          "checksum": "4b7a5676aafaa6c0f329d315851b8bb6"
        },
        {
          "type": "renderModule",
          "assetId": "8p0TfmEsgq",
          "checksum": "efb02ec125897cb0b8903fbe191bd0aa"
        },
        {
          "type": "cssRules",
          "assetId": "8p0TfmEsgq",
          "checksum": "efb02ec125897cb0b8903fbe191bd0aa"
        },
        {
          "type": "image",
          "assetId": "z1LTSIXUK",
          "checksum": "bc598bde75e4b9637c2a7811a27e3930"
        },
        {
          "type": "image",
          "assetId": "kIJRUn-Fi",
          "checksum": "366e2c21a70ff5cfde1d2529fc3f22a2"
        },
        {
          "type": "image",
          "assetId": "-zTTFMykl",
          "checksum": "dc66889fec132779d77b4a5a8ad3f02d"
        },
        {
          "type": "image",
          "assetId": "V33IVsfWj",
          "checksum": "045f1dea85b2646e24d2c4893361d6db"
        },
        {
          "type": "image",
          "assetId": "4tmMe8RNUc",
          "checksum": "2ff40c2204eb50a9b366b2c4710f728d"
        },
        {
          "type": "image",
          "assetId": "jZHtN2qRiu",
          "checksum": "6eea84d64cbdc2eceb1ebd24c21a6991"
        },
        {
          "type": "image",
          "assetId": "T9t8c2w2cb",
          "checksum": "1403699df991e4447e467ac6d2749c86"
        },
        {
          "type": "image",
          "assetId": "QTTdit-ATC",
          "checksum": "691710b007bca348e88dbd2a201a50dc"
        },
        {
          "type": "image",
          "assetId": "NTS4l3fyav",
          "checksum": "22481ad0a89377f9f45d068e87deea2f"
        },
        {
          "type": "image",
          "assetId": "pHoC9azrqa",
          "checksum": "50bd6594adbff89c0ae4bdfbabdf1ccb"
        },
        {
          "type": "image",
          "assetId": "ZFUwAZZ6Jx",
          "checksum": "1fd1ba564ecea515e6fac79e323be414"
        },
        {
          "type": "image",
          "assetId": "K42ssFuSS3",
          "checksum": "b8f81b7c8ed8e6591167568aa0cc6f6c"
        },
        {
          "type": "image",
          "assetId": "MveTI09hDp",
          "checksum": "5d9d29c172b305531ae14c34c129acbe"
        },
        {
          "type": "image",
          "assetId": "jxBtwv6XWC",
          "checksum": "e9b922cb96dbcf82940a0f1d5142c81c"
        },
        {
          "type": "image",
          "assetId": "loxpBHA6wF",
          "checksum": "5ddce7f4ec32fc807430085fddcde7a6"
        },
        {
          "type": "image",
          "assetId": "U6etU3kmDl",
          "checksum": "2fd3d8f42cfa21820481b8e0fccf358c"
        },
        {
          "type": "image",
          "assetId": "j26QJL6-tA",
          "checksum": "57193b9b7652acb66cbb1e4abe2b7394"
        },
        {
          "type": "image",
          "assetId": "432ETibWca",
          "checksum": "3a56a9b4f97894f9e5bb5d84eeaae3dd"
        },
        {
          "type": "image",
          "assetId": "maDt77y2FI",
          "checksum": "28d031f5e06c901a1a6783997fa643e7"
        },
        {
          "type": "image",
          "assetId": "fAjU3fS0eo",
          "checksum": "fe6ef9769ea8e8d401c345a424c00beb"
        },
        {
          "type": "image",
          "assetId": "6MMJJRZhdkP",
          "checksum": "5b00f3f0dfc58bd304a5dea7ba3c2e9b"
        },
        {
          "type": "image",
          "assetId": "SkhYnb8Mjgl",
          "checksum": "b110cd696a07ca8c3689a054b388d1c6"
        },
        {
          "type": "image",
          "assetId": "sFhU1Vp8P9r",
          "checksum": "1174adfbb4bfe3c30e3eba4cfcf193f0"
        },
        {
          "type": "image",
          "assetId": "GqXwGuXtHsv",
          "checksum": "4dd2c0272a30890e5e52459e68784d06"
        },
        {
          "type": "image",
          "assetId": "MmwjhJ6djNO",
          "checksum": "258e0fb68bf81d2750d368e3c9fa5e79"
        },
        {
          "type": "image",
          "assetId": "Jag5qMAeDdZ",
          "checksum": "ef506f3ff54b00ae27af2219b60924e3"
        },
        {
          "type": "image",
          "assetId": "CEjDeZCoGUJ",
          "checksum": "ed836535472c94f0c071bb9ffdd30fad"
        },
        {
          "type": "image",
          "assetId": "z5mcqFFg5He",
          "checksum": "78d22e607a8259513531c2854e3f33c6"
        },
        {
          "type": "image",
          "assetId": "qqK-mPDr9Ma",
          "checksum": "018b7fc92d5dec49cefe1a11944c74b2"
        },
        {
          "type": "image",
          "assetId": "9aqDZBxj6Di",
          "checksum": "4ce4d573ce449e3b6d5bf861bd25ad85"
        },
        {
          "type": "image",
          "assetId": "fZ2Wzc2vol",
          "checksum": "eb1d3ca22763bb265a7aeee3b63654bd"
        },
        {
          "type": "image",
          "assetId": "lC2IwKra5R0",
          "checksum": "81d71d171f9a4f6f021c4f3aa13fbfd3"
        },
        {
          "type": "image",
          "assetId": "QXPm6FDOPLT",
          "checksum": "32d33ad27403edd11b07127a66986830"
        },
        {
          "type": "image",
          "assetId": "uYBZKMw4W",
          "checksum": "5d9e2c0d535671828059e61044e6700f"
        },
        {
          "type": "image",
          "assetId": "E5AEtG4BZI",
          "checksum": "df8d7036bbacc8624b972f3d702c38e7"
        },
        {
          "type": "image",
          "assetId": "froXWpUtDy",
          "checksum": "77b28fa1eda72b3c7cbcf997122c0d93"
        },
        {
          "type": "image",
          "assetId": "YGojOT6KlHi",
          "checksum": "f3bded3f2bbf0ac25a9b4a50d95180d0"
        },
        {
          "type": "image",
          "assetId": "BPzdtwA1kbh",
          "checksum": "0a84b3f1e656ac3ca991040dbf572d61"
        },
        {
          "type": "image",
          "assetId": "2Kcc9Tklk18",
          "checksum": "329414e084c6b7fcf88cfc3daff17996"
        },
        {
          "type": "image",
          "assetId": "HqSCxtlwGfT",
          "checksum": "5991ce87a38e5c469e39568f2f1e1a10"
        },
        {
          "type": "image",
          "assetId": "5-8zn0sf1qV",
          "checksum": "147f7c0c1dd1375802888ab6f7bbc831"
        },
        {
          "type": "image",
          "assetId": "xoUoDpT03D_",
          "checksum": "aa042901b5a39131cc6e4f443563a1af"
        },
        {
          "type": "image",
          "assetId": "aXMpUjAijef",
          "checksum": "f7c4227a02e7896d2c0e038269777bda"
        },
        {
          "type": "image",
          "assetId": "lYdBlo2RNBN",
          "checksum": "cfd9011c4ca1fbd7ca2874a64af74d9e"
        },
        {
          "type": "image",
          "assetId": "QSkZSw8fK",
          "checksum": "23152207a73704755711948e7c02c91d"
        },
        {
          "type": "image",
          "assetId": "MR0RLUUItp",
          "checksum": "7d206f1640a44a053ded3f222d3c66d1"
        },
        {
          "type": "image",
          "assetId": "wiQ3zvKW8ns",
          "checksum": "07de420966e9311ef77c2f20aa93852c"
        },
        {
          "type": "image",
          "assetId": "3KejwVxv1E8",
          "checksum": "7d5acde534cd787a74fbedd21c75d49f"
        },
        {
          "type": "image",
          "assetId": "5HiZMk8buc-",
          "checksum": "4e25c309e89e6761cb026a936055e621"
        },
        {
          "type": "image",
          "assetId": "V3z2flRbl",
          "checksum": "9edea34f108231bf38c0b34a4c24de14"
        },
        {
          "type": "image",
          "assetId": "aTgixvudH_",
          "checksum": "b8d2b3ea2c946c596ed94476574efc2a"
        },
        {
          "type": "image",
          "assetId": "cbh-ov4zPx",
          "checksum": "b80038e618fe954b26c68698a86e40eb"
        },
        {
          "type": "image",
          "assetId": "vNhT0jV8kZ",
          "checksum": "d68ff88746a6867d1c6e65c83b76674d"
        },
        {
          "type": "image",
          "assetId": "8naKAKq3ZZ",
          "checksum": "35dae6ccf15c579ad4d0c719850fe100"
        },
        {
          "type": "image",
          "assetId": "IPlL6O9WvN",
          "checksum": "1ef5f1e34b74e5a989a37eec99a14042"
        },
        {
          "type": "image",
          "assetId": "Fu8lySCSz",
          "checksum": "492ecb195d520b449b253a6d0ad811f5"
        },
        {
          "type": "image",
          "assetId": "CGWSXEhLo_",
          "checksum": "d121167ad8733b9c838b9c95e8f9b038"
        },
        {
          "type": "image",
          "assetId": "DfVm8Ngbpx",
          "checksum": "8b71f4a09b8503d410be65d56928951d"
        },
        {
          "type": "image",
          "assetId": "cJ_gmn4LUd",
          "checksum": "19304165d7f29eb13faf278ebc53cb66"
        },
        {
          "type": "image",
          "assetId": "i-WXOdF-lc",
          "checksum": "08ea40f96d37975d379f866b33e64788"
        },
        {
          "type": "image",
          "assetId": "qbqWyNuO7_",
          "checksum": "625f33dea0fcced365bf455e3d8ffa34"
        },
        {
          "type": "image",
          "assetId": "l3chOfIkTc",
          "checksum": "6a92351df82e4208f282fd7f0baa6caf"
        },
        {
          "type": "image",
          "assetId": "qmvfGtdQe",
          "checksum": "5338097eeda5b2c4445e2478a740c6bb"
        },
        {
          "type": "image",
          "assetId": "MoaJfgraL",
          "checksum": "ae2183bfa6ffceb66cb4d7853084c88f"
        },
        {
          "type": "image",
          "assetId": "eTY6avRxZ",
          "checksum": "6a456ac764145400413b2748ea010b64"
        },
        {
          "type": "image",
          "assetId": "yYEczocW4",
          "checksum": "491121f9c34bbe83d36f79b498457763"
        },
        {
          "type": "image",
          "assetId": "gx_ECfHJmu",
          "checksum": "dd665f5bcbd8a723340938b556a2cb7a"
        },
        {
          "type": "image",
          "assetId": "PmI6Z3B0XJ",
          "checksum": "d6d8703fdccb69d10457bd81f5c158ab"
        },
        {
          "type": "image",
          "assetId": "a9si9Zdw0y",
          "checksum": "5b1e593fbaece53e7042c6762726babb"
        },
        {
          "type": "image",
          "assetId": "sBNfb_t4jd",
          "checksum": "08de451d484d651f8a3a8ec1eec13907"
        },
        {
          "type": "image",
          "assetId": "sPQcwiFPYhj",
          "checksum": "8d68efc288a7d787da5c8f896d6d623a"
        },
        {
          "type": "image",
          "assetId": "jRrQV9LPc7u",
          "checksum": "074acb597b8fddecf287418c72877e66"
        },
        {
          "type": "image",
          "assetId": "WgcT62n5ge",
          "checksum": "09fca1784e61be1971b59ac5dd44e2af"
        },
        {
          "type": "image",
          "assetId": "k3zBH6UbSy",
          "checksum": "27178f7dd8d66e30d897582e0ed4f60a"
        },
        {
          "type": "image",
          "assetId": "IAvOEHsF2-",
          "checksum": "3a0f497bbe3140829ff68aa5c0fb9442"
        },
        {
          "type": "image",
          "assetId": "JS0HjW73O",
          "checksum": "2c6ba0d565a0cf158025c807009598fe"
        },
        {
          "type": "image",
          "assetId": "6NMaApFsi",
          "checksum": "296467651ce1354c3cf6fe63be04ac97"
        },
        {
          "type": "image",
          "assetId": "HRS-dugDD",
          "checksum": "0b577be939e9bf0d7804d458f5d0a97a"
        },
        {
          "type": "image",
          "assetId": "SZUYQtsiSz",
          "checksum": "0c84f5e8349571f0a859ccdb9927a3db"
        },
        {
          "type": "image",
          "assetId": "anIwbkbesZ",
          "checksum": "c305d785e1c6f1b09d5b185029a5baba"
        },
        {
          "type": "image",
          "assetId": "WPNOOi-xJPU",
          "checksum": "54c5d427d1ca8cf657c2344a7a7942d9"
        },
        {
          "type": "image",
          "assetId": "_oq3tM3vMGr",
          "checksum": "aa2b14890df6593af6af82a43c8579ef"
        },
        {
          "type": "renderModule",
          "assetId": "XLdxTqqsags",
          "checksum": "3964815aa6e55d323cd69fc92b9c7c12"
        },
        {
          "type": "cssRules",
          "assetId": "XLdxTqqsags",
          "checksum": "3964815aa6e55d323cd69fc92b9c7c12"
        },
        {
          "type": "renderModule",
          "assetId": "au2Ok7jK5Y",
          "checksum": "a2fec77c34ca1a28891a84810411ae78"
        },
        {
          "type": "cssRules",
          "assetId": "au2Ok7jK5Y",
          "checksum": "a2fec77c34ca1a28891a84810411ae78"
        },
        {
          "type": "renderModule",
          "assetId": "jThNvO6SKd_",
          "checksum": "32a80ae1f2ad24d03d4ef51f5e24ad80"
        },
        {
          "type": "cssRules",
          "assetId": "jThNvO6SKd_",
          "checksum": "32a80ae1f2ad24d03d4ef51f5e24ad80"
        },
        {
          "assetId": "24qDGfvb2rMn6oy8PVF95d",
          "type": "projectCss",
          "checksum": "c4a66a0f83f207edaeee7f38965c8367"
        },
        {
          "type": "icon",
          "assetId": "VIYOCOF-zp",
          "checksum": "8864b1a54a406f80ace732da2d24eb81"
        },
        {
          "type": "icon",
          "assetId": "OlLsdl8YS4",
          "checksum": "43b61c02e015cb23e6851883ca755252"
        },
        {
          "type": "icon",
          "assetId": "W5RSWrKI-W",
          "checksum": "1af65fee229fd130ea1e46e225a42c3b"
        },
        {
          "type": "icon",
          "assetId": "-gNKA8h-Z4",
          "checksum": "d872fd9422b9630904afa9e85bd683eb"
        },
        {
          "type": "icon",
          "assetId": "9FfsM2N0XvJ",
          "checksum": "20cdd065671f662acfd34f246c667465"
        },
        {
          "type": "icon",
          "assetId": "XC5sZv_QpIv",
          "checksum": "6cf5642587068fd14d30be2197727715"
        },
        {
          "type": "icon",
          "assetId": "6ypUPjJsyj",
          "checksum": "43ab531be0e0e7496b8b46a7c08ec12c"
        },
        {
          "type": "icon",
          "assetId": "3F0byvy2ZY",
          "checksum": "348eb71327afd73b028df383ee5bb708"
        },
        {
          "type": "icon",
          "assetId": "Y_g-OeXgGm",
          "checksum": "3c66036ae632ba6bccff549445a9cfcd"
        },
        {
          "type": "icon",
          "assetId": "DABXzds2jq",
          "checksum": "7879e7511207a5afd38e06d70ebe8864"
        },
        {
          "type": "icon",
          "assetId": "GiQOkXfyPfb",
          "checksum": "38923a82fe1cc6ea9b0df2f702a856c2"
        },
        {
          "type": "icon",
          "assetId": "uVPEv1nowe",
          "checksum": "829a848a2a1ff612710d1d7d1749a074"
        },
        {
          "type": "icon",
          "assetId": "CSqPY41OZb",
          "checksum": "59a6320a8a65b1c3df06b47ea7682f15"
        },
        {
          "type": "icon",
          "assetId": "EKiMsBjxHC",
          "checksum": "343f5fa2616bdb9e67c6f88f9061bd29"
        },
        {
          "type": "icon",
          "assetId": "M4gp-x8W5R",
          "checksum": "eb1683cb859355be316ae529a0f3b023"
        },
        {
          "type": "icon",
          "assetId": "sGge8vvbDB",
          "checksum": "536375973933c863001c434ee6aef7d9"
        },
        {
          "type": "icon",
          "assetId": "-n-EEm7hMV",
          "checksum": "3bc144b63a54433c6bec3cf39391fc04"
        },
        {
          "type": "icon",
          "assetId": "c8IgV_oMidb",
          "checksum": "6e62ed4c82c498da81fae96285d8821a"
        },
        {
          "type": "icon",
          "assetId": "RfXNTekId3v",
          "checksum": "415c6180d6046270fc2da328d2556069"
        },
        {
          "type": "icon",
          "assetId": "_KuPRXuZAJI",
          "checksum": "e238a308daee0a6da4a87137a223e8b5"
        },
        {
          "type": "icon",
          "assetId": "svOIRRDbImq",
          "checksum": "b247623d0c4cc21a0f3f9a21b6abff5a"
        },
        {
          "type": "icon",
          "assetId": "Sfcm65DgD",
          "checksum": "4ca4961f690acdf8efa851877d63cb24"
        },
        {
          "type": "icon",
          "assetId": "rSNS-_lguR",
          "checksum": "755e52c2a0e572ce5b23294c0039420e"
        },
        {
          "type": "icon",
          "assetId": "iEHTUbtGu7",
          "checksum": "95d1039a78363672e3ca1cb546e2198b"
        },
        {
          "type": "icon",
          "assetId": "nMStdnbbxHY",
          "checksum": "f1dbbe08bb5552ecbb17382f6c7f9daa"
        },
        {
          "type": "icon",
          "assetId": "iMXBSUCybl",
          "checksum": "02feeef1af7e5a92bf69a985af8f3006"
        },
        {
          "type": "icon",
          "assetId": "_QvDMK3uhg",
          "checksum": "24675ba0c3c14f6464c94bcd2fcd2148"
        },
        {
          "type": "icon",
          "assetId": "Fn8mQW19Om",
          "checksum": "e940b1d95bdd35174349502941214ae9"
        },
        {
          "type": "icon",
          "assetId": "kGUtMm7VKf",
          "checksum": "8c58ab694ea25fa4cc3e28a07e81ebc2"
        },
        {
          "type": "icon",
          "assetId": "DXysMN739Bs",
          "checksum": "f7ae47c7cd1ad3e2b20dd3926626e4bf"
        },
        {
          "type": "icon",
          "assetId": "XbYgdgD8GX",
          "checksum": "97ba71ead41b49c917e6dcf0fa7f9967"
        },
        {
          "type": "icon",
          "assetId": "MBIaKkIrl_",
          "checksum": "1786a24162a69946910d1ab7aaf98a5d"
        },
        {
          "type": "icon",
          "assetId": "AT3FV2mrkF",
          "checksum": "7c6bbd967347e6332c0342e69e1e8d8c"
        },
        {
          "type": "icon",
          "assetId": "ri_OeIVO4C",
          "checksum": "00a736dc62557a9922bf93843bb7bb64"
        },
        {
          "type": "icon",
          "assetId": "RtbAac0rtR",
          "checksum": "2341b5afa56bd582d450394d30730c7b"
        },
        {
          "type": "icon",
          "assetId": "168NdLzdYg",
          "checksum": "70f34506d3350882ee43c3a0ae329354"
        },
        {
          "type": "icon",
          "assetId": "AKqx4KLfrH",
          "checksum": "240021ac836a260666a9042646ee7ecf"
        },
        {
          "type": "icon",
          "assetId": "rhXT7zeyx",
          "checksum": "dbab2d1df36baf27df29307e408633a1"
        },
        {
          "type": "icon",
          "assetId": "-URapLSsbA",
          "checksum": "8139e4ebe8d35d35d5a58968805719e1"
        },
        {
          "type": "icon",
          "assetId": "zabXt4Zpyv",
          "checksum": "66f8590dec067b5e48d80cef243e74ae"
        },
        {
          "type": "icon",
          "assetId": "BWVpjBn8gv",
          "checksum": "cf08c2d6b060050a7351d79618fc49bf"
        },
        {
          "type": "icon",
          "assetId": "yYWfAbrHim",
          "checksum": "cb4a5098cf8e052cee4c7ec8e43b4c7e"
        },
        {
          "type": "icon",
          "assetId": "o9B5nhF6rJ",
          "checksum": "f30a4c03851a2f62b037999b2005207b"
        },
        {
          "type": "icon",
          "assetId": "AzexPCCfcb",
          "checksum": "f49aee92c6cc2fd33a8b09da703a2b2b"
        },
        {
          "type": "icon",
          "assetId": "Snqml0Rz7e",
          "checksum": "9265e72ceb1c7b62f1ba24f3b3f96cf4"
        },
        {
          "type": "icon",
          "assetId": "NEaXmn2yDB",
          "checksum": "280cfe4748f8c5292de381922d5fa2f6"
        },
        {
          "type": "icon",
          "assetId": "LDc1yI8To4",
          "checksum": "2318e9e31f45a4a4470bfc7498dab0d3"
        },
        {
          "type": "icon",
          "assetId": "lW-Bgpwrmz",
          "checksum": "f30b321e6301af3402ecefb3b6bd2c98"
        },
        {
          "type": "icon",
          "assetId": "2hHXXNzi0YA",
          "checksum": "654bf628a35abc04a347dd607b3fd41a"
        },
        {
          "type": "icon",
          "assetId": "xRhpmaWmC7C",
          "checksum": "a0ae7fcc2816a8f7681c2743f6b80086"
        },
        {
          "type": "icon",
          "assetId": "nlODkNbgya",
          "checksum": "f88b35d93e62a9fa27c0840e34ff1f91"
        },
        {
          "type": "icon",
          "assetId": "Jhqp4lmsR",
          "checksum": "a6c58bbb1d2dd8b332ad5fae0c05acd4"
        },
        {
          "type": "icon",
          "assetId": "QNWY2y_-7",
          "checksum": "9d32e2e876115b1f54c06b24b39859c4"
        },
        {
          "type": "icon",
          "assetId": "p54zAGje4d",
          "checksum": "ae83c90822112e6634273b651595cac6"
        },
        {
          "type": "icon",
          "assetId": "5TngLItwC",
          "checksum": "1070d765877f69419f7d0995c420f390"
        },
        {
          "type": "icon",
          "assetId": "mqQZiFLGtA",
          "checksum": "116dfdf52f53cb9c04d72137155469bd"
        },
        {
          "type": "icon",
          "assetId": "1gHwJdG7IiQ",
          "checksum": "a92216268ccce9917b7068d81f2a1a43"
        },
        {
          "type": "icon",
          "assetId": "-1jvClmSi3Z",
          "checksum": "1af5c4af2142fa8e7d13f51a263b3c05"
        },
        {
          "type": "icon",
          "assetId": "Wul1iNfhH",
          "checksum": "85b1399b2a1d1bed3b4367f7d3af8a42"
        },
        {
          "type": "icon",
          "assetId": "X-Uq4izY5",
          "checksum": "ca7dc2d2c10af90a50c70d9143f252b0"
        },
        {
          "type": "icon",
          "assetId": "svM-fvl22",
          "checksum": "53ba243d012b914383f3ca094eb089c1"
        }
      ]
    }
  ],
  "cliVersion": "0.1.158"
}
